
Microsoft Visual Studio Solution File, Format Version 12.00
# Visual Studio Version 18
VisualStudioVersion = 18.5.11716.220 stable
MinimumVisualStudioVersion = 10.0.40219.1
Project("{FAE04EC0-301F-11D3-BF4B-00C04F79EFBC}") = "rrtRobot", "rrtRobot\rrtRobot.csproj", "{01846D24-9944-4ABD-9277-6DE06E2CFA08}"
EndProject
Project("{2150E333-8FDC-42A3-9474-1A3956D46DE8}") = "解决方案项", "解决方案项", "{065DB81D-9A59-4824-8AA2-EE42FD4F0341}"
	ProjectSection(SolutionItems) = preProject
		.gitignore = .gitignore
	EndProjectSection
EndProject
Global
	GlobalSection(SolutionConfigurationPlatforms) = preSolution
		Debug|Any CPU = Debug|Any CPU
		Debug|x64 = Debug|x64
		Debug|x86 = Debug|x86
		Release|Any CPU = Release|Any CPU
		Release|x64 = Release|x64
		Release|x86 = Release|x86
	EndGlobalSection
	GlobalSection(ProjectConfigurationPlatforms) = postSolution
		{01846D24-9944-4ABD-9277-6DE06E2CFA08}.Debug|Any CPU.ActiveCfg = Debug|Any CPU
		{01846D24-9944-4ABD-9277-6DE06E2CFA08}.Debug|Any CPU.Build.0 = Debug|Any CPU
		{01846D24-9944-4ABD-9277-6DE06E2CFA08}.Debug|x64.ActiveCfg = Debug|Any CPU
		{01846D24-9944-4ABD-9277-6DE06E2CFA08}.Debug|x64.Build.0 = Debug|Any CPU
		{01846D24-9944-4ABD-9277-6DE06E2CFA08}.Debug|x86.ActiveCfg = Debug|Any CPU
		{01846D24-9944-4ABD-9277-6DE06E2CFA08}.Debug|x86.Build.0 = Debug|Any CPU
		{01846D24-9944-4ABD-9277-6DE06E2CFA08}.Release|Any CPU.ActiveCfg = Release|Any CPU
		{01846D24-9944-4ABD-9277-6DE06E2CFA08}.Release|Any CPU.Build.0 = Release|Any CPU
		{01846D24-9944-4ABD-9277-6DE06E2CFA08}.Release|x64.ActiveCfg = Release|Any CPU
		{01846D24-9944-4ABD-9277-6DE06E2CFA08}.Release|x64.Build.0 = Release|Any CPU
		{01846D24-9944-4ABD-9277-6DE06E2CFA08}.Release|x86.ActiveCfg = Release|Any CPU
		{01846D24-9944-4ABD-9277-6DE06E2CFA08}.Release|x86.Build.0 = Release|Any CPU
	EndGlobalSection
	GlobalSection(SolutionProperties) = preSolution
		HideSolutionNode = FALSE
	EndGlobalSection
	GlobalSection(ExtensibilityGlobals) = postSolution
		SolutionGuid = {872405A9-EA12-4DBB-AFC5-72D5D973A2DB}
	EndGlobalSection
EndGlobal
